
Microsoft Visual Studio Solution File, Format Version 12.00
# Visual Studio Version 17
VisualStudioVersion = 17.14.36915.13 d17.14
MinimumVisualStudioVersion = 10.0.40219.1
Project("{FAE04EC0-301F-11D3-BF4B-00C04F79EFBC}") = "CyberSecurityAwareness_pp2", "CyberSecurityAwareness_pp2.csproj", "{30B831D6-B6B8-47C2-898F-E8A05254CC59}"
EndProject
Global
	GlobalSection(SolutionConfigurationPlatforms) = preSolution
		Debug|Any CPU = Debug|Any CPU
		Release|Any CPU = Release|Any CPU
	EndGlobalSection
	GlobalSection(ProjectConfigurationPlatforms) = postSolution
		{30B831D6-B6B8-47C2-898F-E8A05254CC59}.Debug|Any CPU.ActiveCfg = Debug|Any CPU
		{30B831D6-B6B8-47C2-898F-E8A05254CC59}.Debug|Any CPU.Build.0 = Debug|Any CPU
		{30B831D6-B6B8-47C2-898F-E8A05254CC59}.Release|Any CPU.ActiveCfg = Release|Any CPU
		{30B831D6-B6B8-47C2-898F-E8A05254CC59}.Release|Any CPU.Build.0 = Release|Any CPU
	EndGlobalSection
	GlobalSection(SolutionProperties) = preSolution
		HideSolutionNode = FALSE
	EndGlobalSection
	GlobalSection(ExtensibilityGlobals) = postSolution
		SolutionGuid = {0A8D095E-DDE2-424F-AD24-C7FAF23A91E9}
	EndGlobalSection
EndGlobal
